
Microsoft Visual Studio Solution File, Format Version 12.00
# Visual Studio Version 17
VisualStudioVersion = 17.0.31903.59
MinimumVisualStudioVersion = 10.0.40219.1
Project("{FAE04EC0-301F-11D3-BF4B-00C04F79EFBC}") = "CarRentalExamen.API", "CarRentalExamen.API\CarRentalExamen.API.csproj", "{E0158071-BF45-45A7-9BAC-1D01C293313D}"
EndProject
Project("{FAE04EC0-301F-11D3-BF4B-00C04F79EFBC}") = "CarRentalExamen.Core", "CarRentalExamen.Core\CarRentalExamen.Core.csproj", "{41583AF5-D587-40D0-9BED-CFC5496CE9C6}"
EndProject
Project("{FAE04EC0-301F-11D3-BF4B-00C04F79EFBC}") = "CarRentalExamen.Infrastructure", "CarRentalExamen.Infrastructure\CarRentalExamen.Infrastructure.csproj", "{C058E7E0-E5E3-4CE2-8F0C-91BAA84D7548}"
EndProject
Project("{FAE04EC0-301F-11D3-BF4B-00C04F79EFBC}") = "CarRentalExamen.Blazor", "CarRentalExamen.Blazor\CarRentalExamen.Blazor.csproj", "{87087F9C-E85B-4A18-A6BB-8949BF9C5685}"
EndProject
Global
	GlobalSection(SolutionConfigurationPlatforms) = preSolution
		Debug|Any CPU = Debug|Any CPU
		Debug|x64 = Debug|x64
		Debug|x86 = Debug|x86
		Release|Any CPU = Release|Any CPU
		Release|x64 = Release|x64
		Release|x86 = Release|x86
	EndGlobalSection
	GlobalSection(ProjectConfigurationPlatforms) = postSolution
		{E0158071-BF45-45A7-9BAC-1D01C293313D}.Debug|Any CPU.ActiveCfg = Debug|Any CPU
		{E0158071-BF45-45A7-9BAC-1D01C293313D}.Debug|Any CPU.Build.0 = Debug|Any CPU
		{E0158071-BF45-45A7-9BAC-1D01C293313D}.Debug|x64.ActiveCfg = Debug|Any CPU
		{E0158071-BF45-45A7-9BAC-1D01C293313D}.Debug|x64.Build.0 = Debug|Any CPU
		{E0158071-BF45-45A7-9BAC-1D01C293313D}.Debug|x86.ActiveCfg = Debug|Any CPU
		{E0158071-BF45-45A7-9BAC-1D01C293313D}.Debug|x86.Build.0 = Debug|Any CPU
		{E0158071-BF45-45A7-9BAC-1D01C293313D}.Release|Any CPU.ActiveCfg = Release|Any CPU
		{E0158071-BF45-45A7-9BAC-1D01C293313D}.Release|Any CPU.Build.0 = Release|Any CPU
		{E0158071-BF45-45A7-9BAC-1D01C293313D}.Release|x64.ActiveCfg = Release|Any CPU
		{E0158071-BF45-45A7-9BAC-1D01C293313D}.Release|x64.Build.0 = Release|Any CPU
		{E0158071-BF45-45A7-9BAC-1D01C293313D}.Release|x86.ActiveCfg = Release|Any CPU
		{E0158071-BF45-45A7-9BAC-1D01C293313D}.Release|x86.Build.0 = Release|Any CPU
		{41583AF5-D587-40D0-9BED-CFC5496CE9C6}.Debug|Any CPU.ActiveCfg = Debug|Any CPU
		{41583AF5-D587-40D0-9BED-CFC5496CE9C6}.Debug|Any CPU.Build.0 = Debug|Any CPU
		{41583AF5-D587-40D0-9BED-CFC5496CE9C6}.Debug|x64.ActiveCfg = Debug|Any CPU
		{41583AF5-D587-40D0-9BED-CFC5496CE9C6}.Debug|x64.Build.0 = Debug|Any CPU
		{41583AF5-D587-40D0-9BED-CFC5496CE9C6}.Debug|x86.ActiveCfg = Debug|Any CPU
		{41583AF5-D587-40D0-9BED-CFC5496CE9C6}.Debug|x86.Build.0 = Debug|Any CPU
		{41583AF5-D587-40D0-9BED-CFC5496CE9C6}.Release|Any CPU.ActiveCfg = Release|Any CPU
		{41583AF5-D587-40D0-9BED-CFC5496CE9C6}.Release|Any CPU.Build.0 = Release|Any CPU
		{41583AF5-D587-40D0-9BED-CFC5496CE9C6}.Release|x64.ActiveCfg = Release|Any CPU
		{41583AF5-D587-40D0-9BED-CFC5496CE9C6}.Release|x64.Build.0 = Release|Any CPU
		{41583AF5-D587-40D0-9BED-CFC5496CE9C6}.Release|x86.ActiveCfg = Release|Any CPU
		{41583AF5-D587-40D0-9BED-CFC5496CE9C6}.Release|x86.Build.0 = Release|Any CPU
		{C058E7E0-E5E3-4CE2-8F0C-91BAA84D7548}.Debug|Any CPU.ActiveCfg = Debug|Any CPU
		{C058E7E0-E5E3-4CE2-8F0C-91BAA84D7548}.Debug|Any CPU.Build.0 = Debug|Any CPU
		{C058E7E0-E5E3-4CE2-8F0C-91BAA84D7548}.Debug|x64.ActiveCfg = Debug|Any CPU
		{C058E7E0-E5E3-4CE2-8F0C-91BAA84D7548}.Debug|x64.Build.0 = Debug|Any CPU
		{C058E7E0-E5E3-4CE2-8F0C-91BAA84D7548}.Debug|x86.ActiveCfg = Debug|Any CPU
		{C058E7E0-E5E3-4CE2-8F0C-91BAA84D7548}.Debug|x86.Build.0 = Debug|Any CPU
		{C058E7E0-E5E3-4CE2-8F0C-91BAA84D7548}.Release|Any CPU.ActiveCfg = Release|Any CPU
		{C058E7E0-E5E3-4CE2-8F0C-91BAA84D7548}.Release|Any CPU.Build.0 = Release|Any CPU
		{C058E7E0-E5E3-4CE2-8F0C-91BAA84D7548}.Release|x64.ActiveCfg = Release|Any CPU
		{C058E7E0-E5E3-4CE2-8F0C-91BAA84D7548}.Release|x64.Build.0 = Release|Any CPU
		{C058E7E0-E5E3-4CE2-8F0C-91BAA84D7548}.Release|x86.ActiveCfg = Release|Any CPU
		{C058E7E0-E5E3-4CE2-8F0C-91BAA84D7548}.Release|x86.Build.0 = Release|Any CPU
		{87087F9C-E85B-4A18-A6BB-8949BF9C5685}.Debug|Any CPU.ActiveCfg = Debug|Any CPU
		{87087F9C-E85B-4A18-A6BB-8949BF9C5685}.Debug|Any CPU.Build.0 = Debug|Any CPU
		{87087F9C-E85B-4A18-A6BB-8949BF9C5685}.Debug|x64.ActiveCfg = Debug|Any CPU
		{87087F9C-E85B-4A18-A6BB-8949BF9C5685}.Debug|x64.Build.0 = Debug|Any CPU
		{87087F9C-E85B-4A18-A6BB-8949BF9C5685}.Debug|x86.ActiveCfg = Debug|Any CPU
		{87087F9C-E85B-4A18-A6BB-8949BF9C5685}.Debug|x86.Build.0 = Debug|Any CPU
		{87087F9C-E85B-4A18-A6BB-8949BF9C5685}.Release|Any CPU.ActiveCfg = Release|Any CPU
		{87087F9C-E85B-4A18-A6BB-8949BF9C5685}.Release|Any CPU.Build.0 = Release|Any CPU
		{87087F9C-E85B-4A18-A6BB-8949BF9C5685}.Release|x64.ActiveCfg = Release|Any CPU
		{87087F9C-E85B-4A18-A6BB-8949BF9C5685}.Release|x64.Build.0 = Release|Any CPU
		{87087F9C-E85B-4A18-A6BB-8949BF9C5685}.Release|x86.ActiveCfg = Release|Any CPU
		{87087F9C-E85B-4A18-A6BB-8949BF9C5685}.Release|x86.Build.0 = Release|Any CPU
	EndGlobalSection
	GlobalSection(SolutionProperties) = preSolution
		HideSolutionNode = FALSE
	EndGlobalSection
EndGlobal
